<?xml version="1.0" encoding="utf-8"?>
<Project ToolsVersion="4.0" xmlns="http://schemas.microsoft.com/developer/msbuild/2003">
  <ItemGroup>
    <Filter Include="源文件">
      <UniqueIdentifier>{4FC737F1-C7A5-4376-A066-2A32D752A2FF}</UniqueIdentifier>
      <Extensions>cpp;c;cc;cxx;def;odl;idl;hpj;bat;asm;asmx</Extensions>
    </Filter>
    <Filter Include="头文件">
      <UniqueIdentifier>{93995380-89BD-4b04-88EB-625FBE52EBFB}</UniqueIdentifier>
      <Extensions>h;hh;hpp;hxx;hm;inl;inc;xsd</Extensions>
    </Filter>
    <Filter Include="资源文件">
      <UniqueIdentifier>{67DA6AB6-F800-4c08-8B7A-83BB121AAD01}</UniqueIdentifier>
      <Extensions>rc;ico;cur;bmp;dlg;rc2;rct;bin;rgs;gif;jpg;jpeg;jpe;resx;tiff;tif;png;wav;mfcribbon-ms</Extensions>
    </Filter>
    <Filter Include="include">
      <UniqueIdentifier>{f39217cc-6d6d-432b-9403-899ca5a436ba}</UniqueIdentifier>
    </Filter>
    <Filter Include="source">
      <UniqueIdentifier>{23d7901c-1580-4d3e-bc5c-e29cb16e418c}</UniqueIdentifier>
    </Filter>
  </ItemGroup>
  <ItemGroup>
    <ClCompile Include="..\libyuv\source\compare.cc">
      <Filter>source</Filter>
    </ClCompile>
    <ClCompile Include="..\libyuv\source\compare_common.cc">
      <Filter>source</Filter>
    </ClCompile>
    <ClCompile Include="..\libyuv\source\compare_gcc.cc">
      <Filter>source</Filter>
    </ClCompile>
    <ClCompile Include="..\libyuv\source\compare_neon.cc">
      <Filter>source</Filter>
    </ClCompile>
    <ClCompile Include="..\libyuv\source\compare_win.cc">
      <Filter>source</Filter>
    </ClCompile>
    <ClCompile Include="..\libyuv\source\convert.cc">
      <Filter>source</Filter>
    </ClCompile>
    <ClCompile Include="..\libyuv\source\convert_argb.cc">
      <Filter>source</Filter>
    </ClCompile>
    <ClCompile Include="..\libyuv\source\convert_from.cc">
      <Filter>source</Filter>
    </ClCompile>
    <ClCompile Include="..\libyuv\source\convert_from_argb.cc">
      <Filter>source</Filter>
    </ClCompile>
    <ClCompile Include="..\libyuv\source\convert_jpeg.cc">
      <Filter>source</Filter>
    </ClCompile>
    <ClCompile Include="..\libyuv\source\convert_to_argb.cc">
      <Filter>source</Filter>
    </ClCompile>
    <ClCompile Include="..\libyuv\source\convert_to_i420.cc">
      <Filter>source</Filter>
    </ClCompile>
    <ClCompile Include="..\libyuv\source\cpu_id.cc">
      <Filter>source</Filter>
    </ClCompile>
    <ClCompile Include="..\libyuv\source\mjpeg_decoder.cc">
      <Filter>source</Filter>
    </ClCompile>
    <ClCompile Include="..\libyuv\source\mjpeg_validate.cc">
      <Filter>source</Filter>
    </ClCompile>
    <ClCompile Include="..\libyuv\source\planar_functions.cc">
      <Filter>source</Filter>
    </ClCompile>
    <ClCompile Include="..\libyuv\source\rotate.cc">
      <Filter>source</Filter>
    </ClCompile>
    <ClCompile Include="..\libyuv\source\rotate_argb.cc">
      <Filter>source</Filter>
    </ClCompile>
    <ClCompile Include="..\libyuv\source\rotate_mips.cc">
      <Filter>source</Filter>
    </ClCompile>
    <ClCompile Include="..\libyuv\source\rotate_neon.cc">
      <Filter>source</Filter>
    </ClCompile>
    <ClCompile Include="..\libyuv\source\row_any.cc">
      <Filter>source</Filter>
    </ClCompile>
    <ClCompile Include="..\libyuv\source\row_common.cc">
      <Filter>source</Filter>
    </ClCompile>
    <ClCompile Include="..\libyuv\source\row_gcc.cc">
      <Filter>source</Filter>
    </ClCompile>
    <ClCompile Include="..\libyuv\source\row_mips.cc">
      <Filter>source</Filter>
    </ClCompile>
    <ClCompile Include="..\libyuv\source\row_neon.cc">
      <Filter>source</Filter>
    </ClCompile>
    <ClCompile Include="..\libyuv\source\row_win.cc">
      <Filter>source</Filter>
    </ClCompile>
    <ClCompile Include="..\libyuv\source\scale.cc">
      <Filter>source</Filter>
    </ClCompile>
    <ClCompile Include="..\libyuv\source\scale_any.cc">
      <Filter>source</Filter>
    </ClCompile>
    <ClCompile Include="..\libyuv\source\scale_argb.cc">
      <Filter>source</Filter>
    </ClCompile>
    <ClCompile Include="..\libyuv\source\scale_common.cc">
      <Filter>source</Filter>
    </ClCompile>
    <ClCompile Include="..\libyuv\source\scale_gcc.cc">
      <Filter>source</Filter>
    </ClCompile>
    <ClCompile Include="..\libyuv\source\scale_mips.cc">
      <Filter>source</Filter>
    </ClCompile>
    <ClCompile Include="..\libyuv\source\scale_neon.cc">
      <Filter>source</Filter>
    </ClCompile>
    <ClCompile Include="..\libyuv\source\scale_win.cc">
      <Filter>source</Filter>
    </ClCompile>
    <ClCompile Include="..\libyuv\source\video_common.cc">
      <Filter>source</Filter>
    </ClCompile>
    <ClCompile Include="util\convertDemo.cc">
      <Filter>源文件</Filter>
    </ClCompile>
  </ItemGroup>
  <ItemGroup>
    <ClInclude Include="..\libyuv\include\libyuv.h">
      <Filter>include</Filter>
    </ClInclude>
  </ItemGroup>
</Project>